
Microsoft Visual Studio Solution File, Format Version 12.00
# Visual Studio Version 16
VisualStudioVersion = 16.0.29123.88
MinimumVisualStudioVersion = 10.0.40219.1
Project("{FAE04EC0-301F-11D3-BF4B-00C04F79EFBC}") = "planyourdate", "planyourdate\planyourdate.csproj", "{B842B90C-B5E9-4535-B2B0-DBCE844CD044}"
EndProject
Global
	GlobalSection(SolutionConfigurationPlatforms) = preSolution
		Debug|Any CPU = Debug|Any CPU
		Release|Any CPU = Release|Any CPU
	EndGlobalSection
	GlobalSection(ProjectConfigurationPlatforms) = postSolution
		{B842B90C-B5E9-4535-B2B0-DBCE844CD044}.Debug|Any CPU.ActiveCfg = Debug|Any CPU
		{B842B90C-B5E9-4535-B2B0-DBCE844CD044}.Debug|Any CPU.Build.0 = Debug|Any CPU
		{B842B90C-B5E9-4535-B2B0-DBCE844CD044}.Release|Any CPU.ActiveCfg = Release|Any CPU
		{B842B90C-B5E9-4535-B2B0-DBCE844CD044}.Release|Any CPU.Build.0 = Release|Any CPU
	EndGlobalSection
	GlobalSection(SolutionProperties) = preSolution
		HideSolutionNode = FALSE
	EndGlobalSection
	GlobalSection(ExtensibilityGlobals) = postSolution
		SolutionGuid = {DAFE92FB-5E67-44CD-A4E8-B9795700F316}
	EndGlobalSection
EndGlobal
